
Microsoft Visual Studio Solution File, Format Version 12.00
# Visual Studio 2013
VisualStudioVersion = 12.0.21005.1
MinimumVisualStudioVersion = 10.0.40219.1
Project("{159641D6-6404-4A2A-AE62-294DE0FE8301}") = "BI_General", "BI_General\BI_General.dtproj", "{9B089C48-70BE-4372-B8F2-BFC59799DAC0}"
EndProject
Global
	GlobalSection(TeamFoundationVersionControl) = preSolution
		SccNumberOfProjects = 2
		SccEnterpriseProvider = {4CA58AB2-18FA-4F8D-95D4-32DDF27D184C}
		SccTeamFoundationServer = http://192.168.192.111:8080/tfs/defaultcollection
		SccLocalPath0 = .
		SccProjectUniqueName1 = BI_General\\BI_General.dtproj
		SccProjectName1 = BI_General
		SccLocalPath1 = BI_General
	EndGlobalSection
	GlobalSection(SolutionConfigurationPlatforms) = preSolution
		Development|Default = Development|Default
	EndGlobalSection
	GlobalSection(ProjectConfigurationPlatforms) = postSolution
		{9B089C48-70BE-4372-B8F2-BFC59799DAC0}.Development|Default.ActiveCfg = Development
		{9B089C48-70BE-4372-B8F2-BFC59799DAC0}.Development|Default.Build.0 = Development
	EndGlobalSection
	GlobalSection(SolutionProperties) = preSolution
		HideSolutionNode = FALSE
	EndGlobalSection
EndGlobal
